{
  "version": 4,
  "terraform_version": "0.13.3",
  "serial": 29,
  "lineage": "23812ab7-de8c-b128-ee72-e364d4c5b03c",
  "outputs": {},
  "resources": [
    {
      "mode": "data",
      "type": "aws_ami",
      "name": "amazon-linux-2",
      "provider": "provider[\"registry.terraform.io/hashicorp/aws\"]",
      "instances": [
        {
          "schema_version": 0,
          "attributes": {
            "architecture": "x86_64",
            "arn": "arn:aws:ec2:ap-northeast-1::image/ami-0ce107ae7af2e92b5",
            "block_device_mappings": [
              {
                "device_name": "/dev/xvda",
                "ebs": {
                  "delete_on_termination": "true",
                  "encrypted": "false",
                  "iops": "0",
                  "snapshot_id": "snap-051431c0df948513f",
                  "volume_size": "8",
                  "volume_type": "gp2"
                },
                "no_device": "",
                "virtual_name": ""
              }
            ],
            "creation_date": "2020-09-22T02:10:07.000Z",
            "description": "Amazon Linux 2 AMI 2.0.20200917.0 x86_64 HVM gp2",
            "executable_users": null,
            "filter": [
              {
                "name": "name",
                "values": [
                  "amzn2-ami-hvm*"
                ]
              },
              {
                "name": "owner-alias",
                "values": [
                  "amazon"
                ]
              }
            ],
            "hypervisor": "xen",
            "id": "ami-0ce107ae7af2e92b5",
            "image_id": "ami-0ce107ae7af2e92b5",
            "image_location": "amazon/amzn2-ami-hvm-2.0.20200917.0-x86_64-gp2",
            "image_owner_alias": "amazon",
            "image_type": "machine",
            "kernel_id": null,
            "most_recent": true,
            "name": "amzn2-ami-hvm-2.0.20200917.0-x86_64-gp2",
            "name_regex": null,
            "owner_id": "137112412989",
            "owners": [
              "amazon"
            ],
            "platform": null,
            "product_codes": [],
            "public": true,
            "ramdisk_id": null,
            "root_device_name": "/dev/xvda",
            "root_device_type": "ebs",
            "root_snapshot_id": "snap-051431c0df948513f",
            "sriov_net_support": "simple",
            "state": "available",
            "state_reason": {
              "code": "UNSET",
              "message": "UNSET"
            },
            "tags": {},
            "virtualization_type": "hvm"
          }
        }
      ]
    },
    {
      "mode": "managed",
      "type": "aws_instance",
      "name": "web_pu1a",
      "provider": "provider[\"registry.terraform.io/hashicorp/aws\"]",
      "instances": [
        {
          "schema_version": 1,
          "attributes": {
            "ami": "ami-0ce107ae7af2e92b5",
            "arn": "arn:aws:ec2:ap-northeast-1:788574154804:instance/i-06a03460bef590e76",
            "associate_public_ip_address": true,
            "availability_zone": "ap-northeast-1a",
            "cpu_core_count": 1,
            "cpu_threads_per_core": 1,
            "credit_specification": [
              {
                "cpu_credits": "standard"
              }
            ],
            "disable_api_termination": false,
            "ebs_block_device": [],
            "ebs_optimized": false,
            "ephemeral_block_device": [],
            "get_password_data": false,
            "hibernation": false,
            "host_id": null,
            "iam_instance_profile": "",
            "id": "i-06a03460bef590e76",
            "instance_initiated_shutdown_behavior": null,
            "instance_state": "running",
            "instance_type": "t2.micro",
            "ipv6_address_count": 0,
            "ipv6_addresses": [],
            "key_name": "nb-study-key",
            "metadata_options": [
              {
                "http_endpoint": "enabled",
                "http_put_response_hop_limit": 1,
                "http_tokens": "optional"
              }
            ],
            "monitoring": false,
            "network_interface": [],
            "outpost_arn": "",
            "password_data": "",
            "placement_group": "",
            "primary_network_interface_id": "eni-00c51244deca86386",
            "private_dns": "ip-10-1-1-67.ap-northeast-1.compute.internal",
            "private_ip": "10.1.1.67",
            "public_dns": "",
            "public_ip": "13.113.32.205",
            "root_block_device": [
              {
                "delete_on_termination": true,
                "device_name": "/dev/xvda",
                "encrypted": false,
                "iops": 100,
                "kms_key_id": "",
                "volume_id": "vol-0acaa9f43cfb04e71",
                "volume_size": 8,
                "volume_type": "gp2"
              }
            ],
            "secondary_private_ips": [],
            "security_groups": [],
            "source_dest_check": true,
            "subnet_id": "subnet-0f772a29d8355a914",
            "tags": null,
            "tenancy": "default",
            "timeouts": null,
            "user_data": null,
            "user_data_base64": "IyEvYmluL3NoCgpzdWRvIHl1bSAteSBpbnN0YWxsIGdjYy1jKysKc3VkbyB5dW0g\nLXkgaW5zdGFsbCBnaXQKCmdpdCBjbG9uZSBodHRwczovL2dpdGh1Yi5jb20vbnZt\nLXNoL252bS5naXQgfi8ubnZtCnNvdXJjZSB+Ly5udm0vbnZtLnNoCgplY2hvIC1l\nIC1uICJcbmlmIFtbIC1zIH4vLm52bS9udm0uc2ggXV0gOyB0aGVuXG4gICBzb3Vy\nY2Ugfi8ubnZtL252bS5zaFxuZmlcblxuIiA+PiB+Ly5iYXNoX3Byb2ZpbGUKCm52\nbSBpbnN0YWxsIHYxMi4xOC4zCm52bSB1c2UgdjEyLjE4LjMKbnBtIGluc3RhbGwg\nZXhwcmVzcy1nZW5lcmF0b3IgLWcKCm1rZGlyIGFwcApjZCBhcHAvCmV4cHJlc3Mg\nc2FtcGxlLWFwcApjZCBzYW1wbGUtYXBwCm5wbSBpbnN0YWxsCm5vZGUgLi9iaW4v\nd3d3ICYK\n",
            "volume_tags": {},
            "vpc_security_group_ids": [
              "sg-045f535d35db080d4"
            ]
          },
          "private": "eyJlMmJmYjczMC1lY2FhLTExZTYtOGY4OC0zNDM2M2JjN2M0YzAiOnsiY3JlYXRlIjo2MDAwMDAwMDAwMDAsImRlbGV0ZSI6MTIwMDAwMDAwMDAwMCwidXBkYXRlIjo2MDAwMDAwMDAwMDB9LCJzY2hlbWFfdmVyc2lvbiI6IjEifQ==",
          "dependencies": [
            "aws_key_pair.nb-study-key",
            "aws_security_group.nb-study-web-instance",
            "aws_subnet.public_1a",
            "data.aws_ami.amazon-linux-2"
          ]
        }
      ]
    },
    {
      "mode": "managed",
      "type": "aws_instance",
      "name": "web_pu1c",
      "provider": "provider[\"registry.terraform.io/hashicorp/aws\"]",
      "instances": [
        {
          "schema_version": 1,
          "attributes": {
            "ami": "ami-0ce107ae7af2e92b5",
            "arn": "arn:aws:ec2:ap-northeast-1:788574154804:instance/i-06fb3466d8011028d",
            "associate_public_ip_address": true,
            "availability_zone": "ap-northeast-1c",
            "cpu_core_count": 1,
            "cpu_threads_per_core": 1,
            "credit_specification": [
              {
                "cpu_credits": "standard"
              }
            ],
            "disable_api_termination": false,
            "ebs_block_device": [],
            "ebs_optimized": false,
            "ephemeral_block_device": [],
            "get_password_data": false,
            "hibernation": false,
            "host_id": null,
            "iam_instance_profile": "",
            "id": "i-06fb3466d8011028d",
            "instance_initiated_shutdown_behavior": null,
            "instance_state": "running",
            "instance_type": "t2.micro",
            "ipv6_address_count": 0,
            "ipv6_addresses": [],
            "key_name": "nb-study-key",
            "metadata_options": [
              {
                "http_endpoint": "enabled",
                "http_put_response_hop_limit": 1,
                "http_tokens": "optional"
              }
            ],
            "monitoring": false,
            "network_interface": [],
            "outpost_arn": "",
            "password_data": "",
            "placement_group": "",
            "primary_network_interface_id": "eni-0f96eae1343b8f34d",
            "private_dns": "ip-10-1-2-234.ap-northeast-1.compute.internal",
            "private_ip": "10.1.2.234",
            "public_dns": "",
            "public_ip": "13.230.189.189",
            "root_block_device": [
              {
                "delete_on_termination": true,
                "device_name": "/dev/xvda",
                "encrypted": false,
                "iops": 100,
                "kms_key_id": "",
                "volume_id": "vol-0a05d9fc378cb3bef",
                "volume_size": 8,
                "volume_type": "gp2"
              }
            ],
            "secondary_private_ips": [],
            "security_groups": [],
            "source_dest_check": true,
            "subnet_id": "subnet-0a8d1acb2d14f815d",
            "tags": null,
            "tenancy": "default",
            "timeouts": null,
            "user_data": null,
            "user_data_base64": "IyEvYmluL3NoCgpzdWRvIHl1bSAteSBpbnN0YWxsIGdjYy1jKysKc3VkbyB5dW0g\nLXkgaW5zdGFsbCBnaXQKCmdpdCBjbG9uZSBodHRwczovL2dpdGh1Yi5jb20vbnZt\nLXNoL252bS5naXQgfi8ubnZtCnNvdXJjZSB+Ly5udm0vbnZtLnNoCgplY2hvIC1l\nIC1uICJcbmlmIFtbIC1zIH4vLm52bS9udm0uc2ggXV0gOyB0aGVuXG4gICBzb3Vy\nY2Ugfi8ubnZtL252bS5zaFxuZmlcblxuIiA+PiB+Ly5iYXNoX3Byb2ZpbGUKCm52\nbSBpbnN0YWxsIHYxMi4xOC4zCm52bSB1c2UgdjEyLjE4LjMKbnBtIGluc3RhbGwg\nZXhwcmVzcy1nZW5lcmF0b3IgLWcKCm1rZGlyIGFwcApjZCBhcHAvCmV4cHJlc3Mg\nc2FtcGxlLWFwcApjZCBzYW1wbGUtYXBwCm5wbSBpbnN0YWxsCm5vZGUgLi9iaW4v\nd3d3ICYK\n",
            "volume_tags": {},
            "vpc_security_group_ids": [
              "sg-045f535d35db080d4"
            ]
          },
          "private": "eyJlMmJmYjczMC1lY2FhLTExZTYtOGY4OC0zNDM2M2JjN2M0YzAiOnsiY3JlYXRlIjo2MDAwMDAwMDAwMDAsImRlbGV0ZSI6MTIwMDAwMDAwMDAwMCwidXBkYXRlIjo2MDAwMDAwMDAwMDB9LCJzY2hlbWFfdmVyc2lvbiI6IjEifQ==",
          "dependencies": [
            "aws_key_pair.nb-study-key",
            "aws_security_group.nb-study-web-instance",
            "aws_subnet.public_1c",
            "data.aws_ami.amazon-linux-2"
          ]
        }
      ]
    },
    {
      "mode": "managed",
      "type": "aws_internet_gateway",
      "name": "nb-study",
      "provider": "provider[\"registry.terraform.io/hashicorp/aws\"]",
      "instances": [
        {
          "schema_version": 0,
          "attributes": {
            "arn": "arn:aws:ec2:ap-northeast-1:788574154804:internet-gateway/igw-0027dfeea42b0dd5b",
            "id": "igw-0027dfeea42b0dd5b",
            "owner_id": "788574154804",
            "tags": {
              "Name": "nb-study"
            },
            "vpc_id": "vpc-0af998c67b5bb89e7"
          },
          "private": "bnVsbA==",
          "dependencies": [
            "aws_vpc.nb-study"
          ]
        }
      ]
    },
    {
      "mode": "managed",
      "type": "aws_key_pair",
      "name": "nb-study-key",
      "provider": "provider[\"registry.terraform.io/hashicorp/aws\"]",
      "instances": [
        {
          "schema_version": 1,
          "attributes": {
            "arn": "arn:aws:ec2:ap-northeast-1:788574154804:key-pair/nb-study-key",
            "fingerprint": "a3:da:81:54:dc:56:2e:4d:22:62:da:72:20:4a:e2:2f",
            "id": "nb-study-key",
            "key_name": "nb-study-key",
            "key_name_prefix": null,
            "key_pair_id": "key-021fea445eeb698fc",
            "public_key": "ssh-rsa AAAAB3NzaC1yc2EAAAADAQABAAABAQDwVYb1DOijG5OMXeYiUr5BSJZxFzbDEcal5w2Wm4phkA++RF4OX4a6CdqfAlY9JZbLUpyPMZseP3z+Df8jSXhgC74zNHLe36Ykks4BHiNQHOrgLpJ4bBih7VCbq3mz2EhMIGUjztJ/xeD2XVEkpKANwinV8zD8GT/lFla0T3ia6qDqWXNfxVmftMp6E69JwRBI6jIc7crNf7yI0S6Zb+Ztx4KAd0sDZ+vLoCWZZaCSMrOwoO5EW7QQHJJW23jwaQVumm4qPd2lNlm/DLx7zrXs4iRINzAGCO/TBtJgueA5GGvH9ekuG8qx0aWuFCiq0fIzKA6AZgGL/tgGUfS8we1d masaya@lipton.local",
            "tags": {}
          },
          "private": "eyJzY2hlbWFfdmVyc2lvbiI6IjEifQ=="
        }
      ]
    },
    {
      "mode": "managed",
      "type": "aws_route",
      "name": "nb-study-public",
      "provider": "provider[\"registry.terraform.io/hashicorp/aws\"]",
      "instances": [
        {
          "schema_version": 0,
          "attributes": {
            "destination_cidr_block": "0.0.0.0/0",
            "destination_ipv6_cidr_block": "",
            "destination_prefix_list_id": "",
            "egress_only_gateway_id": "",
            "gateway_id": "igw-0027dfeea42b0dd5b",
            "id": "r-rtb-0d715e5a6fed95d081080289494",
            "instance_id": "",
            "instance_owner_id": "",
            "local_gateway_id": "",
            "nat_gateway_id": "",
            "network_interface_id": "",
            "origin": "CreateRoute",
            "route_table_id": "rtb-0d715e5a6fed95d08",
            "state": "active",
            "timeouts": null,
            "transit_gateway_id": "",
            "vpc_peering_connection_id": ""
          },
          "private": "eyJlMmJmYjczMC1lY2FhLTExZTYtOGY4OC0zNDM2M2JjN2M0YzAiOnsiY3JlYXRlIjoxMjAwMDAwMDAwMDAsImRlbGV0ZSI6MzAwMDAwMDAwMDAwfX0=",
          "dependencies": [
            "aws_internet_gateway.nb-study",
            "aws_route_table.nb-study-public",
            "aws_vpc.nb-study"
          ]
        }
      ]
    },
    {
      "mode": "managed",
      "type": "aws_route_table",
      "name": "nb-study-public",
      "provider": "provider[\"registry.terraform.io/hashicorp/aws\"]",
      "instances": [
        {
          "schema_version": 0,
          "attributes": {
            "id": "rtb-0d715e5a6fed95d08",
            "owner_id": "788574154804",
            "propagating_vgws": [],
            "route": [
              {
                "cidr_block": "0.0.0.0/0",
                "egress_only_gateway_id": "",
                "gateway_id": "igw-0027dfeea42b0dd5b",
                "instance_id": "",
                "ipv6_cidr_block": "",
                "local_gateway_id": "",
                "nat_gateway_id": "",
                "network_interface_id": "",
                "transit_gateway_id": "",
                "vpc_peering_connection_id": ""
              }
            ],
            "tags": {
              "Name": "nb-study-route-table"
            },
            "vpc_id": "vpc-0af998c67b5bb89e7"
          },
          "private": "bnVsbA==",
          "dependencies": [
            "aws_vpc.nb-study"
          ]
        }
      ]
    },
    {
      "mode": "managed",
      "type": "aws_route_table_association",
      "name": "public_1a",
      "provider": "provider[\"registry.terraform.io/hashicorp/aws\"]",
      "instances": [
        {
          "schema_version": 0,
          "attributes": {
            "gateway_id": null,
            "id": "rtbassoc-04ccd8828141d3a44",
            "route_table_id": "rtb-0d715e5a6fed95d08",
            "subnet_id": "subnet-0f772a29d8355a914"
          },
          "private": "bnVsbA==",
          "dependencies": [
            "aws_route_table.nb-study-public",
            "aws_subnet.public_1a",
            "aws_vpc.nb-study"
          ]
        }
      ]
    },
    {
      "mode": "managed",
      "type": "aws_route_table_association",
      "name": "public_1c",
      "provider": "provider[\"registry.terraform.io/hashicorp/aws\"]",
      "instances": [
        {
          "schema_version": 0,
          "attributes": {
            "gateway_id": null,
            "id": "rtbassoc-090234135e9f08759",
            "route_table_id": "rtb-0d715e5a6fed95d08",
            "subnet_id": "subnet-0a8d1acb2d14f815d"
          },
          "private": "bnVsbA==",
          "dependencies": [
            "aws_route_table.nb-study-public",
            "aws_subnet.public_1c",
            "aws_vpc.nb-study"
          ]
        }
      ]
    },
    {
      "mode": "managed",
      "type": "aws_security_group",
      "name": "nb-study-alb",
      "provider": "provider[\"registry.terraform.io/hashicorp/aws\"]",
      "instances": [
        {
          "schema_version": 1,
          "attributes": {
            "arn": "arn:aws:ec2:ap-northeast-1:788574154804:security-group/sg-0d8e09201daa8cf36",
            "description": "Managed by Terraform",
            "egress": [
              {
                "cidr_blocks": [
                  "0.0.0.0/0"
                ],
                "description": "",
                "from_port": 0,
                "ipv6_cidr_blocks": [],
                "prefix_list_ids": [],
                "protocol": "-1",
                "security_groups": [],
                "self": false,
                "to_port": 0
              }
            ],
            "id": "sg-0d8e09201daa8cf36",
            "ingress": [
              {
                "cidr_blocks": [
                  "0.0.0.0/0"
                ],
                "description": "",
                "from_port": 443,
                "ipv6_cidr_blocks": [],
                "prefix_list_ids": [],
                "protocol": "tcp",
                "security_groups": [],
                "self": false,
                "to_port": 443
              },
              {
                "cidr_blocks": [
                  "0.0.0.0/0"
                ],
                "description": "",
                "from_port": 80,
                "ipv6_cidr_blocks": [],
                "prefix_list_ids": [],
                "protocol": "tcp",
                "security_groups": [],
                "self": false,
                "to_port": 80
              }
            ],
            "name": "nb-study-alb",
            "name_prefix": "",
            "owner_id": "788574154804",
            "revoke_rules_on_delete": false,
            "tags": {
              "Name": "nb-study-alb"
            },
            "timeouts": null,
            "vpc_id": "vpc-0af998c67b5bb89e7"
          },
          "private": "eyJlMmJmYjczMC1lY2FhLTExZTYtOGY4OC0zNDM2M2JjN2M0YzAiOnsiY3JlYXRlIjo2MDAwMDAwMDAwMDAsImRlbGV0ZSI6NjAwMDAwMDAwMDAwfSwic2NoZW1hX3ZlcnNpb24iOiIxIn0=",
          "dependencies": [
            "aws_vpc.nb-study"
          ]
        }
      ]
    },
    {
      "mode": "managed",
      "type": "aws_security_group",
      "name": "nb-study-web-instance",
      "provider": "provider[\"registry.terraform.io/hashicorp/aws\"]",
      "instances": [
        {
          "schema_version": 1,
          "attributes": {
            "arn": "arn:aws:ec2:ap-northeast-1:788574154804:security-group/sg-045f535d35db080d4",
            "description": "Managed by Terraform",
            "egress": [
              {
                "cidr_blocks": [
                  "0.0.0.0/0"
                ],
                "description": "",
                "from_port": 0,
                "ipv6_cidr_blocks": [],
                "prefix_list_ids": [],
                "protocol": "-1",
                "security_groups": [],
                "self": false,
                "to_port": 0
              }
            ],
            "id": "sg-045f535d35db080d4",
            "ingress": [
              {
                "cidr_blocks": [
                  "0.0.0.0/0"
                ],
                "description": "",
                "from_port": 0,
                "ipv6_cidr_blocks": [],
                "prefix_list_ids": [],
                "protocol": "-1",
                "security_groups": [],
                "self": false,
                "to_port": 0
              }
            ],
            "name": "nb-study-web-instance",
            "name_prefix": "",
            "owner_id": "788574154804",
            "revoke_rules_on_delete": false,
            "tags": {
              "Name": "nb-study-web-instance"
            },
            "timeouts": null,
            "vpc_id": "vpc-0af998c67b5bb89e7"
          },
          "private": "eyJlMmJmYjczMC1lY2FhLTExZTYtOGY4OC0zNDM2M2JjN2M0YzAiOnsiY3JlYXRlIjo2MDAwMDAwMDAwMDAsImRlbGV0ZSI6NjAwMDAwMDAwMDAwfSwic2NoZW1hX3ZlcnNpb24iOiIxIn0=",
          "dependencies": [
            "aws_vpc.nb-study"
          ]
        }
      ]
    },
    {
      "mode": "managed",
      "type": "aws_subnet",
      "name": "public_1a",
      "provider": "provider[\"registry.terraform.io/hashicorp/aws\"]",
      "instances": [
        {
          "schema_version": 1,
          "attributes": {
            "arn": "arn:aws:ec2:ap-northeast-1:788574154804:subnet/subnet-0f772a29d8355a914",
            "assign_ipv6_address_on_creation": false,
            "availability_zone": "ap-northeast-1a",
            "availability_zone_id": "apne1-az4",
            "cidr_block": "10.1.1.0/24",
            "id": "subnet-0f772a29d8355a914",
            "ipv6_cidr_block": "",
            "ipv6_cidr_block_association_id": "",
            "map_public_ip_on_launch": false,
            "outpost_arn": "",
            "owner_id": "788574154804",
            "tags": {
              "Name": "nb-study-public-1a"
            },
            "timeouts": null,
            "vpc_id": "vpc-0af998c67b5bb89e7"
          },
          "private": "eyJlMmJmYjczMC1lY2FhLTExZTYtOGY4OC0zNDM2M2JjN2M0YzAiOnsiY3JlYXRlIjo2MDAwMDAwMDAwMDAsImRlbGV0ZSI6MTIwMDAwMDAwMDAwMH0sInNjaGVtYV92ZXJzaW9uIjoiMSJ9",
          "dependencies": [
            "aws_vpc.nb-study"
          ]
        }
      ]
    },
    {
      "mode": "managed",
      "type": "aws_subnet",
      "name": "public_1c",
      "provider": "provider[\"registry.terraform.io/hashicorp/aws\"]",
      "instances": [
        {
          "schema_version": 1,
          "attributes": {
            "arn": "arn:aws:ec2:ap-northeast-1:788574154804:subnet/subnet-0a8d1acb2d14f815d",
            "assign_ipv6_address_on_creation": false,
            "availability_zone": "ap-northeast-1c",
            "availability_zone_id": "apne1-az1",
            "cidr_block": "10.1.2.0/24",
            "id": "subnet-0a8d1acb2d14f815d",
            "ipv6_cidr_block": "",
            "ipv6_cidr_block_association_id": "",
            "map_public_ip_on_launch": false,
            "outpost_arn": "",
            "owner_id": "788574154804",
            "tags": {
              "Name": "nb-study-public-1c"
            },
            "timeouts": null,
            "vpc_id": "vpc-0af998c67b5bb89e7"
          },
          "private": "eyJlMmJmYjczMC1lY2FhLTExZTYtOGY4OC0zNDM2M2JjN2M0YzAiOnsiY3JlYXRlIjo2MDAwMDAwMDAwMDAsImRlbGV0ZSI6MTIwMDAwMDAwMDAwMH0sInNjaGVtYV92ZXJzaW9uIjoiMSJ9",
          "dependencies": [
            "aws_vpc.nb-study"
          ]
        }
      ]
    },
    {
      "mode": "managed",
      "type": "aws_vpc",
      "name": "nb-study",
      "provider": "provider[\"registry.terraform.io/hashicorp/aws\"]",
      "instances": [
        {
          "schema_version": 1,
          "attributes": {
            "arn": "arn:aws:ec2:ap-northeast-1:788574154804:vpc/vpc-0af998c67b5bb89e7",
            "assign_generated_ipv6_cidr_block": false,
            "cidr_block": "10.1.0.0/16",
            "default_network_acl_id": "acl-0f67082501dc84503",
            "default_route_table_id": "rtb-0ae9773204dcf5c2c",
            "default_security_group_id": "sg-0d4efa0bf4dda5924",
            "dhcp_options_id": "dopt-51149936",
            "enable_classiclink": false,
            "enable_classiclink_dns_support": false,
            "enable_dns_hostnames": false,
            "enable_dns_support": true,
            "id": "vpc-0af998c67b5bb89e7",
            "instance_tenancy": "default",
            "ipv6_association_id": "",
            "ipv6_cidr_block": "",
            "main_route_table_id": "rtb-0ae9773204dcf5c2c",
            "owner_id": "788574154804",
            "tags": {
              "Name": "nb-study"
            }
          },
          "private": "eyJzY2hlbWFfdmVyc2lvbiI6IjEifQ=="
        }
      ]
    }
  ]
}
